// !$*UTF8*$!
{
	archiveVersion = 1;
	classes = {
	};
	objectVersion = 50;
	objects = {

/* Begin PBXBuildFile section */
		8024600A237DBA6B00AA11F6 /* AppDelegate.swift in Sources */ = {isa = PBXBuildFile; fileRef = 80246009237DBA6B00AA11F6 /* AppDelegate.swift */; };
		8024600C237DBA6B00AA11F6 /* ViewController.swift in Sources */ = {isa = PBXBuildFile; fileRef = 8024600B237DBA6B00AA11F6 /* ViewController.swift */; };
		8024600F237DBA6B00AA11F6 /* Main.storyboard in Resources */ = {isa = PBXBuildFile; fileRef = 8024600D237DBA6B00AA11F6 /* Main.storyboard */; };
		80246011237DBA6D00AA11F6 /* Assets.xcassets in Resources */ = {isa = PBXBuildFile; fileRef = 80246010237DBA6D00AA11F6 /* Assets.xcassets */; };
		80246014237DBA6D00AA11F6 /* LaunchScreen.storyboard in Resources */ = {isa = PBXBuildFile; fileRef = 80246012237DBA6D00AA11F6 /* LaunchScreen.storyboard */; };
		8024601F237DBA6E00AA11F6 /* boatsTests.swift in Sources */ = {isa = PBXBuildFile; fileRef = 8024601E237DBA6E00AA11F6 /* boatsTests.swift */; };
		8024602A237DBA6E00AA11F6 /* boatsUITests.swift in Sources */ = {isa = PBXBuildFile; fileRef = 80246029237DBA6E00AA11F6 /* boatsUITests.swift */; };
		80246038237DBB9600AA11F6 /* TableViewController.swift in Sources */ = {isa = PBXBuildFile; fileRef = 80246037237DBB9600AA11F6 /* TableViewController.swift */; };
		8024603A237DBEBF00AA11F6 /* DetailViewController.swift in Sources */ = {isa = PBXBuildFile; fileRef = 80246039237DBEBF00AA11F6 /* DetailViewController.swift */; };
		8024603C237DC17F00AA11F6 /* Boat.swift in Sources */ = {isa = PBXBuildFile; fileRef = 8024603B237DC17F00AA11F6 /* Boat.swift */; };
/* End PBXBuildFile section */

/* Begin PBXContainerItemProxy section */
		8024601B237DBA6E00AA11F6 /* PBXContainerItemProxy */ = {
			isa = PBXContainerItemProxy;
			containerPortal = 80245FFE237DBA6A00AA11F6 /* Project object */;
			proxyType = 1;
			remoteGlobalIDString = 80246005237DBA6B00AA11F6;
			remoteInfo = boats;
		};
		80246026237DBA6E00AA11F6 /* PBXContainerItemProxy */ = {
			isa = PBXContainerItemProxy;
			containerPortal = 80245FFE237DBA6A00AA11F6 /* Project object */;
			proxyType = 1;
			remoteGlobalIDString = 80246005237DBA6B00AA11F6;
			remoteInfo = boats;
		};
/* End PBXContainerItemProxy section */

/* Begin PBXFileReference section */
		80246006237DBA6B00AA11F6 /* boats.app */ = {isa = PBXFileReference; explicitFileType = wrapper.application; includeInIndex = 0; path = boats.app; sourceTree = BUILT_PRODUCTS_DIR; };
		80246009237DBA6B00AA11F6 /* AppDelegate.swift */ = {isa = PBXFileReference; lastKnownFileType = sourcecode.swift; path = AppDelegate.swift; sourceTree = "<group>"; };
		8024600B237DBA6B00AA11F6 /* ViewController.swift */ = {isa = PBXFileReference; lastKnownFileType = sourcecode.swift; path = ViewController.swift; sourceTree = "<group>"; };
		8024600E237DBA6B00AA11F6 /* Base */ = {isa = PBXFileReference; lastKnownFileType = file.storyboard; name = Base; path = Base.lproj/Main.storyboard; sourceTree = "<group>"; };
		80246010237DBA6D00AA11F6 /* Assets.xcassets */ = {isa = PBXFileReference; lastKnownFileType = folder.assetcatalog; path = Assets.xcassets; sourceTree = "<group>"; };
		80246013237DBA6D00AA11F6 /* Base */ = {isa = PBXFileReference; lastKnownFileType = file.storyboard; name = Base; path = Base.lproj/LaunchScreen.storyboard; sourceTree = "<group>"; };
		80246015237DBA6D00AA11F6 /* Info.plist */ = {isa = PBXFileReference; lastKnownFileType = text.plist.xml; path = Info.plist; sourceTree = "<group>"; };
		8024601A237DBA6E00AA11F6 /* boatsTests.xctest */ = {isa = PBXFileReference; explicitFileType = wrapper.cfbundle; includeInIndex = 0; path = boatsTests.xctest; sourceTree = BUILT_PRODUCTS_DIR; };
		8024601E237DBA6E00AA11F6 /* boatsTests.swift */ = {isa = PBXFileReference; lastKnownFileType = sourcecode.swift; path = boatsTests.swift; sourceTree = "<group>"; };
		80246020237DBA6E00AA11F6 /* Info.plist */ = {isa = PBXFileReference; lastKnownFileType = text.plist.xml; path = Info.plist; sourceTree = "<group>"; };
		80246025237DBA6E00AA11F6 /* boatsUITests.xctest */ = {isa = PBXFileReference; explicitFileType = wrapper.cfbundle; includeInIndex = 0; path = boatsUITests.xctest; sourceTree = BUILT_PRODUCTS_DIR; };
		80246029237DBA6E00AA11F6 /* boatsUITests.swift */ = {isa = PBXFileReference; lastKnownFileType = sourcecode.swift; path = boatsUITests.swift; sourceTree = "<group>"; };
		8024602B237DBA6E00AA11F6 /* Info.plist */ = {isa = PBXFileReference; lastKnownFileType = text.plist.xml; path = Info.plist; sourceTree = "<group>"; };
		80246037237DBB9600AA11F6 /* TableViewController.swift */ = {isa = PBXFileReference; lastKnownFileType = sourcecode.swift; path = TableViewController.swift; sourceTree = "<group>"; };
		80246039237DBEBF00AA11F6 /* DetailViewController.swift */ = {isa = PBXFileReference; lastKnownFileType = sourcecode.swift; path = DetailViewController.swift; sourceTree = "<group>"; };
		8024603B237DC17F00AA11F6 /* Boat.swift */ = {isa = PBXFileReference; lastKnownFileType = sourcecode.swift; path = Boat.swift; sourceTree = "<group>"; };
/* End PBXFileReference section */

/* Begin PBXFrameworksBuildPhase section */
		80246003237DBA6B00AA11F6 /* Frameworks */ = {
			isa = PBXFrameworksBuildPhase;
			buildActionMask = 2147483647;
			files = (
			);
			runOnlyForDeploymentPostprocessing = 0;
		};
		80246017237DBA6E00AA11F6 /* Frameworks */ = {
			isa = PBXFrameworksBuildPhase;
			buildActionMask = 2147483647;
			files = (
			);
			runOnlyForDeploymentPostprocessing = 0;
		};
		80246022237DBA6E00AA11F6 /* Frameworks */ = {
			isa = PBXFrameworksBuildPhase;
			buildActionMask = 2147483647;
			files = (
			);
			runOnlyForDeploymentPostprocessing = 0;
		};
/* End PBXFrameworksBuildPhase section */

/* Begin PBXGroup section */
		80245FFD237DBA6A00AA11F6 = {
			isa = PBXGroup;
			children = (
				80246008237DBA6B00AA11F6 /* boats */,
				8024601D237DBA6E00AA11F6 /* boatsTests */,
				80246028237DBA6E00AA11F6 /* boatsUITests */,
				80246007237DBA6B00AA11F6 /* Products */,
			);
			sourceTree = "<group>";
		};
		80246007237DBA6B00AA11F6 /* Products */ = {
			isa = PBXGroup;
			children = (
				80246006237DBA6B00AA11F6 /* boats.app */,
				8024601A237DBA6E00AA11F6 /* boatsTests.xctest */,
				80246025237DBA6E00AA11F6 /* boatsUITests.xctest */,
			);
			name = Products;
			sourceTree = "<group>";
		};
		80246008237DBA6B00AA11F6 /* boats */ = {
			isa = PBXGroup;
			children = (
				80246009237DBA6B00AA11F6 /* AppDelegate.swift */,
				8024600B237DBA6B00AA11F6 /* ViewController.swift */,
				8024600D237DBA6B00AA11F6 /* Main.storyboard */,
				8024603B237DC17F00AA11F6 /* Boat.swift */,
				80246039237DBEBF00AA11F6 /* DetailViewController.swift */,
				80246037237DBB9600AA11F6 /* TableViewController.swift */,
				80246010237DBA6D00AA11F6 /* Assets.xcassets */,
				80246012237DBA6D00AA11F6 /* LaunchScreen.storyboard */,
				80246015237DBA6D00AA11F6 /* Info.plist */,
			);
			path = boats;
			sourceTree = "<group>";
		};
		8024601D237DBA6E00AA11F6 /* boatsTests */ = {
			isa = PBXGroup;
			children = (
				8024601E237DBA6E00AA11F6 /* boatsTests.swift */,
				80246020237DBA6E00AA11F6 /* Info.plist */,
			);
			path = boatsTests;
			sourceTree = "<group>";
		};
		80246028237DBA6E00AA11F6 /* boatsUITests */ = {
			isa = PBXGroup;
			children = (
				80246029237DBA6E00AA11F6 /* boatsUITests.swift */,
				8024602B237DBA6E00AA11F6 /* Info.plist */,
			);
			path = boatsUITests;
			sourceTree = "<group>";
		};
/* End PBXGroup section */

/* Begin PBXNativeTarget section */
		80246005237DBA6B00AA11F6 /* boats */ = {
			isa = PBXNativeTarget;
			buildConfigurationList = 8024602E237DBA6E00AA11F6 /* Build configuration list for PBXNativeTarget "boats" */;
			buildPhases = (
				80246002237DBA6B00AA11F6 /* Sources */,
				80246003237DBA6B00AA11F6 /* Frameworks */,
				80246004237DBA6B00AA11F6 /* Resources */,
			);
			buildRules = (
			);
			dependencies = (
			);
			name = boats;
			productName = boats;
			productReference = 80246006237DBA6B00AA11F6 /* boats.app */;
			productType = "com.apple.product-type.application";
		};
		80246019237DBA6E00AA11F6 /* boatsTests */ = {
			isa = PBXNativeTarget;
			buildConfigurationList = 80246031237DBA6E00AA11F6 /* Build configuration list for PBXNativeTarget "boatsTests" */;
			buildPhases = (
				80246016237DBA6E00AA11F6 /* Sources */,
				80246017237DBA6E00AA11F6 /* Frameworks */,
				80246018237DBA6E00AA11F6 /* Resources */,
			);
			buildRules = (
			);
			dependencies = (
				8024601C237DBA6E00AA11F6 /* PBXTargetDependency */,
			);
			name = boatsTests;
			productName = boatsTests;
			productReference = 8024601A237DBA6E00AA11F6 /* boatsTests.xctest */;
			productType = "com.apple.product-type.bundle.unit-test";
		};
		80246024237DBA6E00AA11F6 /* boatsUITests */ = {
			isa = PBXNativeTarget;
			buildConfigurationList = 80246034237DBA6E00AA11F6 /* Build configuration list for PBXNativeTarget "boatsUITests" */;
			buildPhases = (
				80246021237DBA6E00AA11F6 /* Sources */,
				80246022237DBA6E00AA11F6 /* Frameworks */,
				80246023237DBA6E00AA11F6 /* Resources */,
			);
			buildRules = (
			);
			dependencies = (
				80246027237DBA6E00AA11F6 /* PBXTargetDependency */,
			);
			name = boatsUITests;
			productName = boatsUITests;
			productReference = 80246025237DBA6E00AA11F6 /* boatsUITests.xctest */;
			productType = "com.apple.product-type.bundle.ui-testing";
		};
/* End PBXNativeTarget section */

/* Begin PBXProject section */
		80245FFE237DBA6A00AA11F6 /* Project object */ = {
			isa = PBXProject;
			attributes = {
				LastSwiftUpdateCheck = 1030;
				LastUpgradeCheck = 1030;
				ORGANIZATIONNAME = "Reed Wilson";
				TargetAttributes = {
					80246005237DBA6B00AA11F6 = {
						CreatedOnToolsVersion = 10.3;
					};
					80246019237DBA6E00AA11F6 = {
						CreatedOnToolsVersion = 10.3;
						TestTargetID = 80246005237DBA6B00AA11F6;
					};
					80246024237DBA6E00AA11F6 = {
						CreatedOnToolsVersion = 10.3;
						TestTargetID = 80246005237DBA6B00AA11F6;
					};
				};
			};
			buildConfigurationList = 80246001237DBA6B00AA11F6 /* Build configuration list for PBXProject "boats" */;
			compatibilityVersion = "Xcode 9.3";
			developmentRegion = en;
			hasScannedForEncodings = 0;
			knownRegions = (
				en,
				Base,
			);
			mainGroup = 80245FFD237DBA6A00AA11F6;
			productRefGroup = 80246007237DBA6B00AA11F6 /* Products */;
			projectDirPath = "";
			projectRoot = "";
			targets = (
				80246005237DBA6B00AA11F6 /* boats */,
				80246019237DBA6E00AA11F6 /* boatsTests */,
				80246024237DBA6E00AA11F6 /* boatsUITests */,
			);
		};
/* End PBXProject section */

/* Begin PBXResourcesBuildPhase section */
		80246004237DBA6B00AA11F6 /* Resources */ = {
			isa = PBXResourcesBuildPhase;
			buildActionMask = 2147483647;
			files = (
				80246014237DBA6D00AA11F6 /* LaunchScreen.storyboard in Resources */,
				80246011237DBA6D00AA11F6 /* Assets.xcassets in Resources */,
				8024600F237DBA6B00AA11F6 /* Main.storyboard in Resources */,
			);
			runOnlyForDeploymentPostprocessing = 0;
		};
		80246018237DBA6E00AA11F6 /* Resources */ = {
			isa = PBXResourcesBuildPhase;
			buildActionMask = 2147483647;
			files = (
			);
			runOnlyForDeploymentPostprocessing = 0;
		};
		80246023237DBA6E00AA11F6 /* Resources */ = {
			isa = PBXResourcesBuildPhase;
			buildActionMask = 2147483647;
			files = (
			);
			runOnlyForDeploymentPostprocessing = 0;
		};
/* End PBXResourcesBuildPhase section */

/* Begin PBXSourcesBuildPhase section */
		80246002237DBA6B00AA11F6 /* Sources */ = {
			isa = PBXSourcesBuildPhase;
			buildActionMask = 2147483647;
			files = (
				8024600C237DBA6B00AA11F6 /* ViewController.swift in Sources */,
				80246038237DBB9600AA11F6 /* TableViewController.swift in Sources */,
				8024600A237DBA6B00AA11F6 /* AppDelegate.swift in Sources */,
				8024603A237DBEBF00AA11F6 /* DetailViewController.swift in Sources */,
				8024603C237DC17F00AA11F6 /* Boat.swift in Sources */,
			);
			runOnlyForDeploymentPostprocessing = 0;
		};
		80246016237DBA6E00AA11F6 /* Sources */ = {
			isa = PBXSourcesBuildPhase;
			buildActionMask = 2147483647;
			files = (
				8024601F237DBA6E00AA11F6 /* boatsTests.swift in Sources */,
			);
			runOnlyForDeploymentPostprocessing = 0;
		};
		80246021237DBA6E00AA11F6 /* Sources */ = {
			isa = PBXSourcesBuildPhase;
			buildActionMask = 2147483647;
			files = (
				8024602A237DBA6E00AA11F6 /* boatsUITests.swift in Sources */,
			);
			runOnlyForDeploymentPostprocessing = 0;
		};
/* End PBXSourcesBuildPhase section */

/* Begin PBXTargetDependency section */
		8024601C237DBA6E00AA11F6 /* PBXTargetDependency */ = {
			isa = PBXTargetDependency;
			target = 80246005237DBA6B00AA11F6 /* boats */;
			targetProxy = 8024601B237DBA6E00AA11F6 /* PBXContainerItemProxy */;
		};
		80246027237DBA6E00AA11F6 /* PBXTargetDependency */ = {
			isa = PBXTargetDependency;
			target = 80246005237DBA6B00AA11F6 /* boats */;
			targetProxy = 80246026237DBA6E00AA11F6 /* PBXContainerItemProxy */;
		};
/* End PBXTargetDependency section */

/* Begin PBXVariantGroup section */
		8024600D237DBA6B00AA11F6 /* Main.storyboard */ = {
			isa = PBXVariantGroup;
			children = (
				8024600E237DBA6B00AA11F6 /* Base */,
			);
			name = Main.storyboard;
			sourceTree = "<group>";
		};
		80246012237DBA6D00AA11F6 /* LaunchScreen.storyboard */ = {
			isa = PBXVariantGroup;
			children = (
				80246013237DBA6D00AA11F6 /* Base */,
			);
			name = LaunchScreen.storyboard;
			sourceTree = "<group>";
		};
/* End PBXVariantGroup section */

/* Begin XCBuildConfiguration section */
		8024602C237DBA6E00AA11F6 /* Debug */ = {
			isa = XCBuildConfiguration;
			buildSettings = {
				ALWAYS_SEARCH_USER_PATHS = NO;
				CLANG_ANALYZER_NONNULL = YES;
				CLANG_ANALYZER_NUMBER_OBJECT_CONVERSION = YES_AGGRESSIVE;
				CLANG_CXX_LANGUAGE_STANDARD = "gnu++14";
				CLANG_CXX_LIBRARY = "libc++";
				CLANG_ENABLE_MODULES = YES;
				CLANG_ENABLE_OBJC_ARC = YES;
				CLANG_ENABLE_OBJC_WEAK = YES;
				CLANG_WARN_BLOCK_CAPTURE_AUTORELEASING = YES;
				CLANG_WARN_BOOL_CONVERSION = YES;
				CLANG_WARN_COMMA = YES;
				CLANG_WARN_CONSTANT_CONVERSION = YES;
				CLANG_WARN_DEPRECATED_OBJC_IMPLEMENTATIONS = YES;
				CLANG_WARN_DIRECT_OBJC_ISA_USAGE = YES_ERROR;
				CLANG_WARN_DOCUMENTATION_COMMENTS = YES;
				CLANG_WARN_EMPTY_BODY = YES;
				CLANG_WARN_ENUM_CONVERSION = YES;
				CLANG_WARN_INFINITE_RECURSION = YES;
				CLANG_WARN_INT_CONVERSION = YES;
				CLANG_WARN_NON_LITERAL_NULL_CONVERSION = YES;
				CLANG_WARN_OBJC_IMPLICIT_RETAIN_SELF = YES;
				CLANG_WARN_OBJC_LITERAL_CONVERSION = YES;
				CLANG_WARN_OBJC_ROOT_CLASS = YES_ERROR;
				CLANG_WARN_RANGE_LOOP_ANALYSIS = YES;
				CLANG_WARN_STRICT_PROTOTYPES = YES;
				CLANG_WARN_SUSPICIOUS_MOVE = YES;
				CLANG_WARN_UNGUARDED_AVAILABILITY = YES_AGGRESSIVE;
				CLANG_WARN_UNREACHABLE_CODE = YES;
				CLANG_WARN__DUPLICATE_METHOD_MATCH = YES;
				CODE_SIGN_IDENTITY = "iPhone Developer";
				COPY_PHASE_STRIP = NO;
				DEBUG_INFORMATION_FORMAT = dwarf;
				ENABLE_STRICT_OBJC_MSGSEND = YES;
				ENABLE_TESTABILITY = YES;
				GCC_C_LANGUAGE_STANDARD = gnu11;
				GCC_DYNAMIC_NO_PIC = NO;
				GCC_NO_COMMON_BLOCKS = YES;
				GCC_OPTIMIZATION_LEVEL = 0;
				GCC_PREPROCESSOR_DEFINITIONS = (
					"DEBUG=1",
					"$(inherited)",
				);
				GCC_WARN_64_TO_32_BIT_CONVERSION = YES;
				GCC_WARN_ABOUT_RETURN_TYPE = YES_ERROR;
				GCC_WARN_UNDECLARED_SELECTOR = YES;
				GCC_WARN_UNINITIALIZED_AUTOS = YES_AGGRESSIVE;
				GCC_WARN_UNUSED_FUNCTION = YES;
				GCC_WARN_UNUSED_VARIABLE = YES;
				IPHONEOS_DEPLOYMENT_TARGET = 12.4;
				MTL_ENABLE_DEBUG_INFO = INCLUDE_SOURCE;
				MTL_FAST_MATH = YES;
				ONLY_ACTIVE_ARCH = YES;
				SDKROOT = iphoneos;
				SWIFT_ACTIVE_COMPILATION_CONDITIONS = DEBUG;
				SWIFT_OPTIMIZATION_LEVEL = "-Onone";
			};
			name = Debug;
		};
		8024602D237DBA6E00AA11F6 /* Release */ = {
			isa = XCBuildConfiguration;
			buildSettings = {
				ALWAYS_SEARCH_USER_PATHS = NO;
				CLANG_ANALYZER_NONNULL = YES;
				CLANG_ANALYZER_NUMBER_OBJECT_CONVERSION = YES_AGGRESSIVE;
				CLANG_CXX_LANGUAGE_STANDARD = "gnu++14";
				CLANG_CXX_LIBRARY = "libc++";
				CLANG_ENABLE_MODULES = YES;
				CLANG_ENABLE_OBJC_ARC = YES;
				CLANG_ENABLE_OBJC_WEAK = YES;
				CLANG_WARN_BLOCK_CAPTURE_AUTORELEASING = YES;
				CLANG_WARN_BOOL_CONVERSION = YES;
				CLANG_WARN_COMMA = YES;
				CLANG_WARN_CONSTANT_CONVERSION = YES;
				CLANG_WARN_DEPRECATED_OBJC_IMPLEMENTATIONS = YES;
				CLANG_WARN_DIRECT_OBJC_ISA_USAGE = YES_ERROR;
				CLANG_WARN_DOCUMENTATION_COMMENTS = YES;
				CLANG_WARN_EMPTY_BODY = YES;
				CLANG_WARN_ENUM_CONVERSION = YES;
				CLANG_WARN_INFINITE_RECURSION = YES;
				CLANG_WARN_INT_CONVERSION = YES;
				CLANG_WARN_NON_LITERAL_NULL_CONVERSION = YES;
				CLANG_WARN_OBJC_IMPLICIT_RETAIN_SELF = YES;
				CLANG_WARN_OBJC_LITERAL_CONVERSION = YES;
				CLANG_WARN_OBJC_ROOT_CLASS = YES_ERROR;
				CLANG_WARN_RANGE_LOOP_ANALYSIS = YES;
				CLANG_WARN_STRICT_PROTOTYPES = YES;
				CLANG_WARN_SUSPICIOUS_MOVE = YES;
				CLANG_WARN_UNGUARDED_AVAILABILITY = YES_AGGRESSIVE;
				CLANG_WARN_UNREACHABLE_CODE = YES;
				CLANG_WARN__DUPLICATE_METHOD_MATCH = YES;
				CODE_SIGN_IDENTITY = "iPhone Developer";
				COPY_PHASE_STRIP = NO;
				DEBUG_INFORMATION_FORMAT = "dwarf-with-dsym";
				ENABLE_NS_ASSERTIONS = NO;
				ENABLE_STRICT_OBJC_MSGSEND = YES;
				GCC_C_LANGUAGE_STANDARD = gnu11;
				GCC_NO_COMMON_BLOCKS = YES;
				GCC_WARN_64_TO_32_BIT_CONVERSION = YES;
				GCC_WARN_ABOUT_RETURN_TYPE = YES_ERROR;
				GCC_WARN_UNDECLARED_SELECTOR = YES;
				GCC_WARN_UNINITIALIZED_AUTOS = YES_AGGRESSIVE;
				GCC_WARN_UNUSED_FUNCTION = YES;
				GCC_WARN_UNUSED_VARIABLE = YES;
				IPHONEOS_DEPLOYMENT_TARGET = 12.4;
				MTL_ENABLE_DEBUG_INFO = NO;
				MTL_FAST_MATH = YES;
				SDKROOT = iphoneos;
				SWIFT_COMPILATION_MODE = wholemodule;
				SWIFT_OPTIMIZATION_LEVEL = "-O";
				VALIDATE_PRODUCT = YES;
			};
			name = Release;
		};
		8024602F237DBA6E00AA11F6 /* Debug */ = {
			isa = XCBuildConfiguration;
			buildSettings = {
				ASSETCATALOG_COMPILER_APPICON_NAME = AppIcon;
				CODE_SIGN_STYLE = Automatic;
				DEVELOPMENT_TEAM = 58L7ZLHMXX;
				INFOPLIST_FILE = boats/Info.plist;
				LD_RUNPATH_SEARCH_PATHS = (
					"$(inherited)",
					"@executable_path/Frameworks",
				);
				PRODUCT_BUNDLE_IDENTIFIER = "com.Reed-Son-of-Will.boats";
				PRODUCT_NAME = "$(TARGET_NAME)";
				SWIFT_VERSION = 5.0;
				TARGETED_DEVICE_FAMILY = "1,2";
			};
			name = Debug;
		};
		80246030237DBA6E00AA11F6 /* Release */ = {
			isa = XCBuildConfiguration;
			buildSettings = {
				ASSETCATALOG_COMPILER_APPICON_NAME = AppIcon;
				CODE_SIGN_STYLE = Automatic;
				DEVELOPMENT_TEAM = 58L7ZLHMXX;
				INFOPLIST_FILE = boats/Info.plist;
				LD_RUNPATH_SEARCH_PATHS = (
					"$(inherited)",
					"@executable_path/Frameworks",
				);
				PRODUCT_BUNDLE_IDENTIFIER = "com.Reed-Son-of-Will.boats";
				PRODUCT_NAME = "$(TARGET_NAME)";
				SWIFT_VERSION = 5.0;
				TARGETED_DEVICE_FAMILY = "1,2";
			};
			name = Release;
		};
		80246032237DBA6E00AA11F6 /* Debug */ = {
			isa = XCBuildConfiguration;
			buildSettings = {
				ALWAYS_EMBED_SWIFT_STANDARD_LIBRARIES = YES;
				BUNDLE_LOADER = "$(TEST_HOST)";
				CODE_SIGN_STYLE = Automatic;
				DEVELOPMENT_TEAM = 58L7ZLHMXX;
				INFOPLIST_FILE = boatsTests/Info.plist;
				LD_RUNPATH_SEARCH_PATHS = (
					"$(inherited)",
					"@executable_path/Frameworks",
					"@loader_path/Frameworks",
				);
				PRODUCT_BUNDLE_IDENTIFIER = "com.Reed-Son-of-Will.boatsTests";
				PRODUCT_NAME = "$(TARGET_NAME)";
				SWIFT_VERSION = 5.0;
				TARGETED_DEVICE_FAMILY = "1,2";
				TEST_HOST = "$(BUILT_PRODUCTS_DIR)/boats.app/boats";
			};
			name = Debug;
		};
		80246033237DBA6E00AA11F6 /* Release */ = {
			isa = XCBuildConfiguration;
			buildSettings = {
				ALWAYS_EMBED_SWIFT_STANDARD_LIBRARIES = YES;
				BUNDLE_LOADER = "$(TEST_HOST)";
				CODE_SIGN_STYLE = Automatic;
				DEVELOPMENT_TEAM = 58L7ZLHMXX;
				INFOPLIST_FILE = boatsTests/Info.plist;
				LD_RUNPATH_SEARCH_PATHS = (
					"$(inherited)",
					"@executable_path/Frameworks",
					"@loader_path/Frameworks",
				);
				PRODUCT_BUNDLE_IDENTIFIER = "com.Reed-Son-of-Will.boatsTests";
				PRODUCT_NAME = "$(TARGET_NAME)";
				SWIFT_VERSION = 5.0;
				TARGETED_DEVICE_FAMILY = "1,2";
				TEST_HOST = "$(BUILT_PRODUCTS_DIR)/boats.app/boats";
			};
			name = Release;
		};
		80246035237DBA6E00AA11F6 /* Debug */ = {
			isa = XCBuildConfiguration;
			buildSettings = {
				ALWAYS_EMBED_SWIFT_STANDARD_LIBRARIES = YES;
				CODE_SIGN_STYLE = Automatic;
				DEVELOPMENT_TEAM = 58L7ZLHMXX;
				INFOPLIST_FILE = boatsUITests/Info.plist;
				LD_RUNPATH_SEARCH_PATHS = (
					"$(inherited)",
					"@executable_path/Frameworks",
					"@loader_path/Frameworks",
				);
				PRODUCT_BUNDLE_IDENTIFIER = "com.Reed-Son-of-Will.boatsUITests";
				PRODUCT_NAME = "$(TARGET_NAME)";
				SWIFT_VERSION = 5.0;
				TARGETED_DEVICE_FAMILY = "1,2";
				TEST_TARGET_NAME = boats;
			};
			name = Debug;
		};
		80246036237DBA6E00AA11F6 /* Release */ = {
			isa = XCBuildConfiguration;
			buildSettings = {
				ALWAYS_EMBED_SWIFT_STANDARD_LIBRARIES = YES;
				CODE_SIGN_STYLE = Automatic;
				DEVELOPMENT_TEAM = 58L7ZLHMXX;
				INFOPLIST_FILE = boatsUITests/Info.plist;
				LD_RUNPATH_SEARCH_PATHS = (
					"$(inherited)",
					"@executable_path/Frameworks",
					"@loader_path/Frameworks",
				);
				PRODUCT_BUNDLE_IDENTIFIER = "com.Reed-Son-of-Will.boatsUITests";
				PRODUCT_NAME = "$(TARGET_NAME)";
				SWIFT_VERSION = 5.0;
				TARGETED_DEVICE_FAMILY = "1,2";
				TEST_TARGET_NAME = boats;
			};
			name = Release;
		};
/* End XCBuildConfiguration section */

/* Begin XCConfigurationList section */
		80246001237DBA6B00AA11F6 /* Build configuration list for PBXProject "boats" */ = {
			isa = XCConfigurationList;
			buildConfigurations = (
				8024602C237DBA6E00AA11F6 /* Debug */,
				8024602D237DBA6E00AA11F6 /* Release */,
			);
			defaultConfigurationIsVisible = 0;
			defaultConfigurationName = Release;
		};
		8024602E237DBA6E00AA11F6 /* Build configuration list for PBXNativeTarget "boats" */ = {
			isa = XCConfigurationList;
			buildConfigurations = (
				8024602F237DBA6E00AA11F6 /* Debug */,
				80246030237DBA6E00AA11F6 /* Release */,
			);
			defaultConfigurationIsVisible = 0;
			defaultConfigurationName = Release;
		};
		80246031237DBA6E00AA11F6 /* Build configuration list for PBXNativeTarget "boatsTests" */ = {
			isa = XCConfigurationList;
			buildConfigurations = (
				80246032237DBA6E00AA11F6 /* Debug */,
				80246033237DBA6E00AA11F6 /* Release */,
			);
			defaultConfigurationIsVisible = 0;
			defaultConfigurationName = Release;
		};
		80246034237DBA6E00AA11F6 /* Build configuration list for PBXNativeTarget "boatsUITests" */ = {
			isa = XCConfigurationList;
			buildConfigurations = (
				80246035237DBA6E00AA11F6 /* Debug */,
				80246036237DBA6E00AA11F6 /* Release */,
			);
			defaultConfigurationIsVisible = 0;
			defaultConfigurationName = Release;
		};
/* End XCConfigurationList section */
	};
	rootObject = 80245FFE237DBA6A00AA11F6 /* Project object */;
}
